// !$*UTF8*$!
{
	archiveVersion = 1;
	classes = {
	};
	objectVersion = 46;
	objects = {

/* Begin PBXBuildFile section */
		A32B51DB1DFADE9700B6FB39 /* pokemon.csv in Resources */ = {isa = PBXBuildFile; fileRef = A32B51DA1DFADE9700B6FB39 /* pokemon.csv */; };
		A3552CFE1DFADB6A00A25C4E /* AppDelegate.swift in Sources */ = {isa = PBXBuildFile; fileRef = A3552CFD1DFADB6A00A25C4E /* AppDelegate.swift */; };
		A3552D031DFADB6A00A25C4E /* Main.storyboard in Resources */ = {isa = PBXBuildFile; fileRef = A3552D011DFADB6A00A25C4E /* Main.storyboard */; };
		A3552D051DFADB6A00A25C4E /* Assets.xcassets in Resources */ = {isa = PBXBuildFile; fileRef = A3552D041DFADB6A00A25C4E /* Assets.xcassets */; };
		A3552D081DFADB6A00A25C4E /* LaunchScreen.storyboard in Resources */ = {isa = PBXBuildFile; fileRef = A3552D061DFADB6A00A25C4E /* LaunchScreen.storyboard */; };
		F182A3EB2F4E0F498DFD2076 /* Pods_Pokedex.framework in Frameworks */ = {isa = PBXBuildFile; fileRef = 0DAFFF6C620B481DC9BC9D00 /* Pods_Pokedex.framework */; };
/* End PBXBuildFile section */

/* Begin PBXFileReference section */
		0DAFFF6C620B481DC9BC9D00 /* Pods_Pokedex.framework */ = {isa = PBXFileReference; explicitFileType = wrapper.framework; includeInIndex = 0; path = Pods_Pokedex.framework; sourceTree = BUILT_PRODUCTS_DIR; };
		1F74917D96C63EBBD014ADAB /* Pods-Pokedex.release.xcconfig */ = {isa = PBXFileReference; includeInIndex = 1; lastKnownFileType = text.xcconfig; name = "Pods-Pokedex.release.xcconfig"; path = "Pods/Target Support Files/Pods-Pokedex/Pods-Pokedex.release.xcconfig"; sourceTree = "<group>"; };
		A32B51DA1DFADE9700B6FB39 /* pokemon.csv */ = {isa = PBXFileReference; fileEncoding = 4; lastKnownFileType = text; path = pokemon.csv; sourceTree = "<group>"; };
		A3552CFA1DFADB6A00A25C4E /* Pokedex.app */ = {isa = PBXFileReference; explicitFileType = wrapper.application; includeInIndex = 0; path = Pokedex.app; sourceTree = BUILT_PRODUCTS_DIR; };
		A3552CFD1DFADB6A00A25C4E /* AppDelegate.swift */ = {isa = PBXFileReference; lastKnownFileType = sourcecode.swift; path = AppDelegate.swift; sourceTree = "<group>"; };
		A3552D021DFADB6A00A25C4E /* Base */ = {isa = PBXFileReference; lastKnownFileType = file.storyboard; name = Base; path = Base.lproj/Main.storyboard; sourceTree = "<group>"; };
		A3552D041DFADB6A00A25C4E /* Assets.xcassets */ = {isa = PBXFileReference; lastKnownFileType = folder.assetcatalog; path = Assets.xcassets; sourceTree = "<group>"; };
		A3552D071DFADB6A00A25C4E /* Base */ = {isa = PBXFileReference; lastKnownFileType = file.storyboard; name = Base; path = Base.lproj/LaunchScreen.storyboard; sourceTree = "<group>"; };
		A3552D091DFADB6A00A25C4E /* Info.plist */ = {isa = PBXFileReference; lastKnownFileType = text.plist.xml; path = Info.plist; sourceTree = "<group>"; };
		BA704E43E16963AFBCDFF8FC /* Pods-Pokedex.debug.xcconfig */ = {isa = PBXFileReference; includeInIndex = 1; lastKnownFileType = text.xcconfig; name = "Pods-Pokedex.debug.xcconfig"; path = "Pods/Target Support Files/Pods-Pokedex/Pods-Pokedex.debug.xcconfig"; sourceTree = "<group>"; };
/* End PBXFileReference section */

/* Begin PBXFrameworksBuildPhase section */
		A3552CF71DFADB6A00A25C4E /* Frameworks */ = {
			isa = PBXFrameworksBuildPhase;
			buildActionMask = 2147483647;
			files = (
				F182A3EB2F4E0F498DFD2076 /* Pods_Pokedex.framework in Frameworks */,
			);
			runOnlyForDeploymentPostprocessing = 0;
		};
/* End PBXFrameworksBuildPhase section */

/* Begin PBXGroup section */
		53374869EFB0A864E1C4DFFD /* Pods */ = {
			isa = PBXGroup;
			children = (
				BA704E43E16963AFBCDFF8FC /* Pods-Pokedex.debug.xcconfig */,
				1F74917D96C63EBBD014ADAB /* Pods-Pokedex.release.xcconfig */,
			);
			name = Pods;
			sourceTree = "<group>";
		};
		70E7C0EFD4013834861E23E5 /* Frameworks */ = {
			isa = PBXGroup;
			children = (
				0DAFFF6C620B481DC9BC9D00 /* Pods_Pokedex.framework */,
			);
			name = Frameworks;
			sourceTree = "<group>";
		};
		A3552CF11DFADB6A00A25C4E = {
			isa = PBXGroup;
			children = (
				A3552CFC1DFADB6A00A25C4E /* Pokedex */,
				A3552CFB1DFADB6A00A25C4E /* Products */,
				53374869EFB0A864E1C4DFFD /* Pods */,
				70E7C0EFD4013834861E23E5 /* Frameworks */,
			);
			sourceTree = "<group>";
		};
		A3552CFB1DFADB6A00A25C4E /* Products */ = {
			isa = PBXGroup;
			children = (
				A3552CFA1DFADB6A00A25C4E /* Pokedex.app */,
			);
			name = Products;
			sourceTree = "<group>";
		};
		A3552CFC1DFADB6A00A25C4E /* Pokedex */ = {
			isa = PBXGroup;
			children = (
				A3552CFD1DFADB6A00A25C4E /* AppDelegate.swift */,
				A3552D011DFADB6A00A25C4E /* Main.storyboard */,
				A3552D041DFADB6A00A25C4E /* Assets.xcassets */,
				A3552D061DFADB6A00A25C4E /* LaunchScreen.storyboard */,
				A3552D091DFADB6A00A25C4E /* Info.plist */,
				A32B51DA1DFADE9700B6FB39 /* pokemon.csv */,
			);
			path = Pokedex;
			sourceTree = "<group>";
		};
/* End PBXGroup section */

/* Begin PBXNativeTarget section */
		A3552CF91DFADB6A00A25C4E /* Pokedex */ = {
			isa = PBXNativeTarget;
			buildConfigurationList = A3552D0C1DFADB6A00A25C4E /* Build configuration list for PBXNativeTarget "Pokedex" */;
			buildPhases = (
				921EA27595BA6FC7FBF80D5F /* [CP] Check Pods Manifest.lock */,
				A3552CF61DFADB6A00A25C4E /* Sources */,
				A3552CF71DFADB6A00A25C4E /* Frameworks */,
				A3552CF81DFADB6A00A25C4E /* Resources */,
				64E30E376943B80E718AA0D1 /* [CP] Embed Pods Frameworks */,
				6C0E115B3133E2CC5E7FC92A /* [CP] Copy Pods Resources */,
			);
			buildRules = (
			);
			dependencies = (
			);
			name = Pokedex;
			productName = Pokedex;
			productReference = A3552CFA1DFADB6A00A25C4E /* Pokedex.app */;
			productType = "com.apple.product-type.application";
		};
/* End PBXNativeTarget section */

/* Begin PBXProject section */
		A3552CF21DFADB6A00A25C4E /* Project object */ = {
			isa = PBXProject;
			attributes = {
				LastSwiftUpdateCheck = 0810;
				LastUpgradeCheck = 0810;
				ORGANIZATIONNAME = KolektifLabs;
				TargetAttributes = {
					A3552CF91DFADB6A00A25C4E = {
						CreatedOnToolsVersion = 8.1;
						DevelopmentTeam = 8D7K94RDR8;
						ProvisioningStyle = Automatic;
					};
				};
			};
			buildConfigurationList = A3552CF51DFADB6A00A25C4E /* Build configuration list for PBXProject "Pokedex" */;
			compatibilityVersion = "Xcode 3.2";
			developmentRegion = English;
			hasScannedForEncodings = 0;
			knownRegions = (
				en,
				Base,
			);
			mainGroup = A3552CF11DFADB6A00A25C4E;
			productRefGroup = A3552CFB1DFADB6A00A25C4E /* Products */;
			projectDirPath = "";
			projectRoot = "";
			targets = (
				A3552CF91DFADB6A00A25C4E /* Pokedex */,
			);
		};
/* End PBXProject section */

/* Begin PBXResourcesBuildPhase section */
		A3552CF81DFADB6A00A25C4E /* Resources */ = {
			isa = PBXResourcesBuildPhase;
			buildActionMask = 2147483647;
			files = (
				A3552D081DFADB6A00A25C4E /* LaunchScreen.storyboard in Resources */,
				A3552D051DFADB6A00A25C4E /* Assets.xcassets in Resources */,
				A32B51DB1DFADE9700B6FB39 /* pokemon.csv in Resources */,
				A3552D031DFADB6A00A25C4E /* Main.storyboard in Resources */,
			);
			runOnlyForDeploymentPostprocessing = 0;
		};
/* End PBXResourcesBuildPhase section */

/* Begin PBXShellScriptBuildPhase section */
		64E30E376943B80E718AA0D1 /* [CP] Embed Pods Frameworks */ = {
			isa = PBXShellScriptBuildPhase;
			buildActionMask = 2147483647;
			files = (
			);
			inputPaths = (
			);
			name = "[CP] Embed Pods Frameworks";
			outputPaths = (
			);
			runOnlyForDeploymentPostprocessing = 0;
			shellPath = /bin/sh;
			shellScript = "\"${SRCROOT}/Pods/Target Support Files/Pods-Pokedex/Pods-Pokedex-frameworks.sh\"\n";
			showEnvVarsInLog = 0;
		};
		6C0E115B3133E2CC5E7FC92A /* [CP] Copy Pods Resources */ = {
			isa = PBXShellScriptBuildPhase;
			buildActionMask = 2147483647;
			files = (
			);
			inputPaths = (
			);
			name = "[CP] Copy Pods Resources";
			outputPaths = (
			);
			runOnlyForDeploymentPostprocessing = 0;
			shellPath = /bin/sh;
			shellScript = "\"${SRCROOT}/Pods/Target Support Files/Pods-Pokedex/Pods-Pokedex-resources.sh\"\n";
			showEnvVarsInLog = 0;
		};
		921EA27595BA6FC7FBF80D5F /* [CP] Check Pods Manifest.lock */ = {
			isa = PBXShellScriptBuildPhase;
			buildActionMask = 2147483647;
			files = (
			);
			inputPaths = (
			);
			name = "[CP] Check Pods Manifest.lock";
			outputPaths = (
			);
			runOnlyForDeploymentPostprocessing = 0;
			shellPath = /bin/sh;
			shellScript = "diff \"${PODS_ROOT}/../Podfile.lock\" \"${PODS_ROOT}/Manifest.lock\" > /dev/null\nif [ $? != 0 ] ; then\n    # print error to STDERR\n    echo \"error: The sandbox is not in sync with the Podfile.lock. Run 'pod install' or update your CocoaPods installation.\" >&2\n    exit 1\nfi\n";
			showEnvVarsInLog = 0;
		};
/* End PBXShellScriptBuildPhase section */

/* Begin PBXSourcesBuildPhase section */
		A3552CF61DFADB6A00A25C4E /* Sources */ = {
			isa = PBXSourcesBuildPhase;
			buildActionMask = 2147483647;
			files = (
				A3552CFE1DFADB6A00A25C4E /* AppDelegate.swift in Sources */,
			);
			runOnlyForDeploymentPostprocessing = 0;
		};
/* End PBXSourcesBuildPhase section */

/* Begin PBXVariantGroup section */
		A3552D011DFADB6A00A25C4E /* Main.storyboard */ = {
			isa = PBXVariantGroup;
			children = (
				A3552D021DFADB6A00A25C4E /* Base */,
			);
			name = Main.storyboard;
			sourceTree = "<group>";
		};
		A3552D061DFADB6A00A25C4E /* LaunchScreen.storyboard */ = {
			isa = PBXVariantGroup;
			children = (
				A3552D071DFADB6A00A25C4E /* Base */,
			);
			name = LaunchScreen.storyboard;
			sourceTree = "<group>";
		};
/* End PBXVariantGroup section */

/* Begin XCBuildConfiguration section */
		A3552D0A1DFADB6A00A25C4E /* Debug */ = {
			isa = XCBuildConfiguration;
			buildSettings = {
				ALWAYS_SEARCH_USER_PATHS = NO;
				CLANG_ANALYZER_NONNULL = YES;
				CLANG_CXX_LANGUAGE_STANDARD = "gnu++0x";
				CLANG_CXX_LIBRARY = "libc++";
				CLANG_ENABLE_MODULES = YES;
				CLANG_ENABLE_OBJC_ARC = YES;
				CLANG_WARN_BOOL_CONVERSION = YES;
				CLANG_WARN_CONSTANT_CONVERSION = YES;
				CLANG_WARN_DIRECT_OBJC_ISA_USAGE = YES_ERROR;
				CLANG_WARN_DOCUMENTATION_COMMENTS = YES;
				CLANG_WARN_EMPTY_BODY = YES;
				CLANG_WARN_ENUM_CONVERSION = YES;
				CLANG_WARN_INFINITE_RECURSION = YES;
				CLANG_WARN_INT_CONVERSION = YES;
				CLANG_WARN_OBJC_ROOT_CLASS = YES_ERROR;
				CLANG_WARN_SUSPICIOUS_MOVES = YES;
				CLANG_WARN_UNREACHABLE_CODE = YES;
				CLANG_WARN__DUPLICATE_METHOD_MATCH = YES;
				"CODE_SIGN_IDENTITY[sdk=iphoneos*]" = "iPhone Developer";
				COPY_PHASE_STRIP = NO;
				DEBUG_INFORMATION_FORMAT = dwarf;
				ENABLE_STRICT_OBJC_MSGSEND = YES;
				ENABLE_TESTABILITY = YES;
				GCC_C_LANGUAGE_STANDARD = gnu99;
				GCC_DYNAMIC_NO_PIC = NO;
				GCC_NO_COMMON_BLOCKS = YES;
				GCC_OPTIMIZATION_LEVEL = 0;
				GCC_PREPROCESSOR_DEFINITIONS = (
					"DEBUG=1",
					"$(inherited)",
				);
				GCC_WARN_64_TO_32_BIT_CONVERSION = YES;
				GCC_WARN_ABOUT_RETURN_TYPE = YES_ERROR;
				GCC_WARN_UNDECLARED_SELECTOR = YES;
				GCC_WARN_UNINITIALIZED_AUTOS = YES_AGGRESSIVE;
				GCC_WARN_UNUSED_FUNCTION = YES;
				GCC_WARN_UNUSED_VARIABLE = YES;
				IPHONEOS_DEPLOYMENT_TARGET = 10.1;
				MTL_ENABLE_DEBUG_INFO = YES;
				ONLY_ACTIVE_ARCH = YES;
				SDKROOT = iphoneos;
				SWIFT_ACTIVE_COMPILATION_CONDITIONS = DEBUG;
				SWIFT_OPTIMIZATION_LEVEL = "-Onone";
			};
			name = Debug;
		};
		A3552D0B1DFADB6A00A25C4E /* Release */ = {
			isa = XCBuildConfiguration;
			buildSettings = {
				ALWAYS_SEARCH_USER_PATHS = NO;
				CLANG_ANALYZER_NONNULL = YES;
				CLANG_CXX_LANGUAGE_STANDARD = "gnu++0x";
				CLANG_CXX_LIBRARY = "libc++";
				CLANG_ENABLE_MODULES = YES;
				CLANG_ENABLE_OBJC_ARC = YES;
				CLANG_WARN_BOOL_CONVERSION = YES;
				CLANG_WARN_CONSTANT_CONVERSION = YES;
				CLANG_WARN_DIRECT_OBJC_ISA_USAGE = YES_ERROR;
				CLANG_WARN_DOCUMENTATION_COMMENTS = YES;
				CLANG_WARN_EMPTY_BODY = YES;
				CLANG_WARN_ENUM_CONVERSION = YES;
				CLANG_WARN_INFINITE_RECURSION = YES;
				CLANG_WARN_INT_CONVERSION = YES;
				CLANG_WARN_OBJC_ROOT_CLASS = YES_ERROR;
				CLANG_WARN_SUSPICIOUS_MOVES = YES;
				CLANG_WARN_UNREACHABLE_CODE = YES;
				CLANG_WARN__DUPLICATE_METHOD_MATCH = YES;
				"CODE_SIGN_IDENTITY[sdk=iphoneos*]" = "iPhone Developer";
				COPY_PHASE_STRIP = NO;
				DEBUG_INFORMATION_FORMAT = "dwarf-with-dsym";
				ENABLE_NS_ASSERTIONS = NO;
				ENABLE_STRICT_OBJC_MSGSEND = YES;
				GCC_C_LANGUAGE_STANDARD = gnu99;
				GCC_NO_COMMON_BLOCKS = YES;
				GCC_WARN_64_TO_32_BIT_CONVERSION = YES;
				GCC_WARN_ABOUT_RETURN_TYPE = YES_ERROR;
				GCC_WARN_UNDECLARED_SELECTOR = YES;
				GCC_WARN_UNINITIALIZED_AUTOS = YES_AGGRESSIVE;
				GCC_WARN_UNUSED_FUNCTION = YES;
				GCC_WARN_UNUSED_VARIABLE = YES;
				IPHONEOS_DEPLOYMENT_TARGET = 10.1;
				MTL_ENABLE_DEBUG_INFO = NO;
				SDKROOT = iphoneos;
				SWIFT_OPTIMIZATION_LEVEL = "-Owholemodule";
				VALIDATE_PRODUCT = YES;
			};
			name = Release;
		};
		A3552D0D1DFADB6A00A25C4E /* Debug */ = {
			isa = XCBuildConfiguration;
			baseConfigurationReference = BA704E43E16963AFBCDFF8FC /* Pods-Pokedex.debug.xcconfig */;
			buildSettings = {
				ASSETCATALOG_COMPILER_APPICON_NAME = AppIcon;
				DEVELOPMENT_TEAM = 8D7K94RDR8;
				INFOPLIST_FILE = Pokedex/Info.plist;
				LD_RUNPATH_SEARCH_PATHS = "$(inherited) @executable_path/Frameworks";
				PRODUCT_BUNDLE_IDENTIFIER = KolektifLabs.Pokedex;
				PRODUCT_NAME = "$(TARGET_NAME)";
				SWIFT_VERSION = 3.0;
			};
			name = Debug;
		};
		A3552D0E1DFADB6A00A25C4E /* Release */ = {
			isa = XCBuildConfiguration;
			baseConfigurationReference = 1F74917D96C63EBBD014ADAB /* Pods-Pokedex.release.xcconfig */;
			buildSettings = {
				ASSETCATALOG_COMPILER_APPICON_NAME = AppIcon;
				DEVELOPMENT_TEAM = 8D7K94RDR8;
				INFOPLIST_FILE = Pokedex/Info.plist;
				LD_RUNPATH_SEARCH_PATHS = "$(inherited) @executable_path/Frameworks";
				PRODUCT_BUNDLE_IDENTIFIER = KolektifLabs.Pokedex;
				PRODUCT_NAME = "$(TARGET_NAME)";
				SWIFT_VERSION = 3.0;
			};
			name = Release;
		};
/* End XCBuildConfiguration section */

/* Begin XCConfigurationList section */
		A3552CF51DFADB6A00A25C4E /* Build configuration list for PBXProject "Pokedex" */ = {
			isa = XCConfigurationList;
			buildConfigurations = (
				A3552D0A1DFADB6A00A25C4E /* Debug */,
				A3552D0B1DFADB6A00A25C4E /* Release */,
			);
			defaultConfigurationIsVisible = 0;
			defaultConfigurationName = Release;
		};
		A3552D0C1DFADB6A00A25C4E /* Build configuration list for PBXNativeTarget "Pokedex" */ = {
			isa = XCConfigurationList;
			buildConfigurations = (
				A3552D0D1DFADB6A00A25C4E /* Debug */,
				A3552D0E1DFADB6A00A25C4E /* Release */,
			);
			defaultConfigurationIsVisible = 0;
			defaultConfigurationName = Release;
		};
/* End XCConfigurationList section */
	};
	rootObject = A3552CF21DFADB6A00A25C4E /* Project object */;
}
